
Microsoft Visual Studio Solution File, Format Version 12.00
# Visual Studio 15
VisualStudioVersion = 15.0.28307.136
MinimumVisualStudioVersion = 10.0.40219.1
Project("{FAE04EC0-301F-11D3-BF4B-00C04F79EFBC}") = "GraFlight", "GraFlight\GraFlight.csproj", "{F625624D-6EA7-400D-8E68-27D481717E08}"
EndProject
Global
	GlobalSection(SolutionConfigurationPlatforms) = preSolution
		Debug|Any CPU = Debug|Any CPU
		Release|Any CPU = Release|Any CPU
	EndGlobalSection
	GlobalSection(ProjectConfigurationPlatforms) = postSolution
		{F625624D-6EA7-400D-8E68-27D481717E08}.Debug|Any CPU.ActiveCfg = Debug|Any CPU
		{F625624D-6EA7-400D-8E68-27D481717E08}.Debug|Any CPU.Build.0 = Debug|Any CPU
		{F625624D-6EA7-400D-8E68-27D481717E08}.Release|Any CPU.ActiveCfg = Release|Any CPU
		{F625624D-6EA7-400D-8E68-27D481717E08}.Release|Any CPU.Build.0 = Release|Any CPU
	EndGlobalSection
	GlobalSection(SolutionProperties) = preSolution
		HideSolutionNode = FALSE
	EndGlobalSection
	GlobalSection(ExtensibilityGlobals) = postSolution
		SolutionGuid = {D2E61C8F-A8CC-4349-A0DD-7B3810C98DF4}
	EndGlobalSection
EndGlobal
